
Microsoft Visual Studio Solution File, Format Version 9.00
# Visual C# Express 2005
Project("{FAE04EC0-301F-11D3-BF4B-00C04F79EFBC}") = "FormExample", "FormExample\FormExample.csproj", "{322CB26F-C5CA-4316-9415-A2E42644D36C}"
EndProject
Global
	GlobalSection(SolutionConfigurationPlatforms) = preSolution
		Debug|Any CPU = Debug|Any CPU
		Release|Any CPU = Release|Any CPU
	EndGlobalSection
	GlobalSection(ProjectConfigurationPlatforms) = postSolution
		{322CB26F-C5CA-4316-9415-A2E42644D36C}.Debug|Any CPU.ActiveCfg = Debug|Any CPU
		{322CB26F-C5CA-4316-9415-A2E42644D36C}.Debug|Any CPU.Build.0 = Debug|Any CPU
		{322CB26F-C5CA-4316-9415-A2E42644D36C}.Release|Any CPU.ActiveCfg = Release|Any CPU
		{322CB26F-C5CA-4316-9415-A2E42644D36C}.Release|Any CPU.Build.0 = Release|Any CPU
	EndGlobalSection
	GlobalSection(SolutionProperties) = preSolution
		HideSolutionNode = FALSE
	EndGlobalSection
EndGlobal
