
Microsoft Visual Studio Solution File, Format Version 9.00
# Visual C# Express 2005
Project("{FAE04EC0-301F-11D3-BF4B-00C04F79EFBC}") = "PhysicsDemo6", "PhysicsDemo6\PhysicsDemo6.csproj", "{9B2BBA0A-43C3-404E-938E-186796097122}"
EndProject
Global
	GlobalSection(SolutionConfigurationPlatforms) = preSolution
		Debug|x86 = Debug|x86
		Release|x86 = Release|x86
	EndGlobalSection
	GlobalSection(ProjectConfigurationPlatforms) = postSolution
		{9B2BBA0A-43C3-404E-938E-186796097122}.Debug|x86.ActiveCfg = Debug|x86
		{9B2BBA0A-43C3-404E-938E-186796097122}.Debug|x86.Build.0 = Debug|x86
		{9B2BBA0A-43C3-404E-938E-186796097122}.Release|x86.ActiveCfg = Release|x86
		{9B2BBA0A-43C3-404E-938E-186796097122}.Release|x86.Build.0 = Release|x86
		{5BCC3A5A-8ED7-453C-89E0-9B24162A7171}.Debug|x86.ActiveCfg = Debug|x86
		{5BCC3A5A-8ED7-453C-89E0-9B24162A7171}.Release|x86.ActiveCfg = Release|x86
	EndGlobalSection
	GlobalSection(SolutionProperties) = preSolution
		HideSolutionNode = FALSE
	EndGlobalSection
EndGlobal
