
Microsoft Visual Studio Solution File, Format Version 9.00
# Visual C# Express 2005
Project("{FAE04EC0-301F-11D3-BF4B-00C04F79EFBC}") = "project hook 2", "project hook 2\project hook 2.csproj", "{9A594FD6-D729-481A-B2B2-1D6FF863CF9C}"
EndProject
Global
	GlobalSection(SolutionConfigurationPlatforms) = preSolution
		Debug|x86 = Debug|x86
		Release|x86 = Release|x86
	EndGlobalSection
	GlobalSection(ProjectConfigurationPlatforms) = postSolution
		{9A594FD6-D729-481A-B2B2-1D6FF863CF9C}.Debug|x86.ActiveCfg = Debug|x86
		{9A594FD6-D729-481A-B2B2-1D6FF863CF9C}.Debug|x86.Build.0 = Debug|x86
		{9A594FD6-D729-481A-B2B2-1D6FF863CF9C}.Release|x86.ActiveCfg = Release|x86
		{9A594FD6-D729-481A-B2B2-1D6FF863CF9C}.Release|x86.Build.0 = Release|x86
		{B92799C4-6053-48F1-802E-C2B35371762B}.Debug|x86.ActiveCfg = Debug|x86
		{B92799C4-6053-48F1-802E-C2B35371762B}.Release|x86.ActiveCfg = Release|x86
	EndGlobalSection
	GlobalSection(SolutionProperties) = preSolution
		HideSolutionNode = FALSE
	EndGlobalSection
EndGlobal
