
Microsoft Visual Studio Solution File, Format Version 9.00
# Visual Studio 2005
Project("{FAE04EC0-301F-11D3-BF4B-00C04F79EFBC}") = "Project_blob", "Project_blob\Project_blob.csproj", "{076BE12C-2B3B-423C-BB37-A05F5381A54A}"
EndProject
Project("{FAE04EC0-301F-11D3-BF4B-00C04F79EFBC}") = "Engine", "Engine\Engine.csproj", "{65494539-D8B5-4A17-9FD4-49E5D5A2949C}"
EndProject
Project("{FAE04EC0-301F-11D3-BF4B-00C04F79EFBC}") = "WorldMaker", "WorldMaker\WorldMaker.csproj", "{EA2A8F3D-99E8-4BCA-B482-1D571DA92B5D}"
EndProject
Project("{FAE04EC0-301F-11D3-BF4B-00C04F79EFBC}") = "Physics2", "Physics2\Physics2.csproj", "{1B356C34-6613-40BA-8476-29A93BFF64B6}"
EndProject
Project("{FAE04EC0-301F-11D3-BF4B-00C04F79EFBC}") = "Audio", "Audio\Audio.csproj", "{D79DD5E6-3E22-4F3D-A3FB-6766B6BD6ED3}"
EndProject
Global
	GlobalSection(SolutionConfigurationPlatforms) = preSolution
		Debug|Any CPU = Debug|Any CPU
		Debug|Mixed Platforms = Debug|Mixed Platforms
		Debug|x86 = Debug|x86
		Release Final|Any CPU = Release Final|Any CPU
		Release Final|Mixed Platforms = Release Final|Mixed Platforms
		Release Final|x86 = Release Final|x86
		Release|Any CPU = Release|Any CPU
		Release|Mixed Platforms = Release|Mixed Platforms
		Release|x86 = Release|x86
	EndGlobalSection
	GlobalSection(ProjectConfigurationPlatforms) = postSolution
		{076BE12C-2B3B-423C-BB37-A05F5381A54A}.Debug|Any CPU.ActiveCfg = Debug|x86
		{076BE12C-2B3B-423C-BB37-A05F5381A54A}.Debug|Mixed Platforms.ActiveCfg = Debug|x86
		{076BE12C-2B3B-423C-BB37-A05F5381A54A}.Debug|Mixed Platforms.Build.0 = Debug|x86
		{076BE12C-2B3B-423C-BB37-A05F5381A54A}.Debug|x86.ActiveCfg = Debug|x86
		{076BE12C-2B3B-423C-BB37-A05F5381A54A}.Debug|x86.Build.0 = Debug|x86
		{076BE12C-2B3B-423C-BB37-A05F5381A54A}.Release Final|Any CPU.ActiveCfg = Release|x86
		{076BE12C-2B3B-423C-BB37-A05F5381A54A}.Release Final|Mixed Platforms.ActiveCfg = Release|x86
		{076BE12C-2B3B-423C-BB37-A05F5381A54A}.Release Final|Mixed Platforms.Build.0 = Release|x86
		{076BE12C-2B3B-423C-BB37-A05F5381A54A}.Release Final|x86.ActiveCfg = Release|x86
		{076BE12C-2B3B-423C-BB37-A05F5381A54A}.Release Final|x86.Build.0 = Release|x86
		{076BE12C-2B3B-423C-BB37-A05F5381A54A}.Release|Any CPU.ActiveCfg = Release|x86
		{076BE12C-2B3B-423C-BB37-A05F5381A54A}.Release|Mixed Platforms.ActiveCfg = Release|x86
		{076BE12C-2B3B-423C-BB37-A05F5381A54A}.Release|Mixed Platforms.Build.0 = Release|x86
		{076BE12C-2B3B-423C-BB37-A05F5381A54A}.Release|x86.ActiveCfg = Release|x86
		{076BE12C-2B3B-423C-BB37-A05F5381A54A}.Release|x86.Build.0 = Release|x86
		{65494539-D8B5-4A17-9FD4-49E5D5A2949C}.Debug|Any CPU.ActiveCfg = Debug|x86
		{65494539-D8B5-4A17-9FD4-49E5D5A2949C}.Debug|Mixed Platforms.ActiveCfg = Debug|x86
		{65494539-D8B5-4A17-9FD4-49E5D5A2949C}.Debug|Mixed Platforms.Build.0 = Debug|x86
		{65494539-D8B5-4A17-9FD4-49E5D5A2949C}.Debug|x86.ActiveCfg = Debug|x86
		{65494539-D8B5-4A17-9FD4-49E5D5A2949C}.Debug|x86.Build.0 = Debug|x86
		{65494539-D8B5-4A17-9FD4-49E5D5A2949C}.Release Final|Any CPU.ActiveCfg = Release|x86
		{65494539-D8B5-4A17-9FD4-49E5D5A2949C}.Release Final|Mixed Platforms.ActiveCfg = Release|x86
		{65494539-D8B5-4A17-9FD4-49E5D5A2949C}.Release Final|Mixed Platforms.Build.0 = Release|x86
		{65494539-D8B5-4A17-9FD4-49E5D5A2949C}.Release Final|x86.ActiveCfg = Release|x86
		{65494539-D8B5-4A17-9FD4-49E5D5A2949C}.Release Final|x86.Build.0 = Release|x86
		{65494539-D8B5-4A17-9FD4-49E5D5A2949C}.Release|Any CPU.ActiveCfg = Release|x86
		{65494539-D8B5-4A17-9FD4-49E5D5A2949C}.Release|Mixed Platforms.ActiveCfg = Release|x86
		{65494539-D8B5-4A17-9FD4-49E5D5A2949C}.Release|Mixed Platforms.Build.0 = Release|x86
		{65494539-D8B5-4A17-9FD4-49E5D5A2949C}.Release|x86.ActiveCfg = Release|x86
		{65494539-D8B5-4A17-9FD4-49E5D5A2949C}.Release|x86.Build.0 = Release|x86
		{EA2A8F3D-99E8-4BCA-B482-1D571DA92B5D}.Debug|Any CPU.ActiveCfg = Debug|x86
		{EA2A8F3D-99E8-4BCA-B482-1D571DA92B5D}.Debug|Mixed Platforms.ActiveCfg = Debug|x86
		{EA2A8F3D-99E8-4BCA-B482-1D571DA92B5D}.Debug|Mixed Platforms.Build.0 = Debug|x86
		{EA2A8F3D-99E8-4BCA-B482-1D571DA92B5D}.Debug|x86.ActiveCfg = Debug|x86
		{EA2A8F3D-99E8-4BCA-B482-1D571DA92B5D}.Debug|x86.Build.0 = Debug|x86
		{EA2A8F3D-99E8-4BCA-B482-1D571DA92B5D}.Release Final|Any CPU.ActiveCfg = Release|x86
		{EA2A8F3D-99E8-4BCA-B482-1D571DA92B5D}.Release Final|Mixed Platforms.ActiveCfg = Release|x86
		{EA2A8F3D-99E8-4BCA-B482-1D571DA92B5D}.Release Final|Mixed Platforms.Build.0 = Release|x86
		{EA2A8F3D-99E8-4BCA-B482-1D571DA92B5D}.Release Final|x86.ActiveCfg = Release|x86
		{EA2A8F3D-99E8-4BCA-B482-1D571DA92B5D}.Release Final|x86.Build.0 = Release|x86
		{EA2A8F3D-99E8-4BCA-B482-1D571DA92B5D}.Release|Any CPU.ActiveCfg = Release|x86
		{EA2A8F3D-99E8-4BCA-B482-1D571DA92B5D}.Release|Mixed Platforms.ActiveCfg = Release|x86
		{EA2A8F3D-99E8-4BCA-B482-1D571DA92B5D}.Release|Mixed Platforms.Build.0 = Release|x86
		{EA2A8F3D-99E8-4BCA-B482-1D571DA92B5D}.Release|x86.ActiveCfg = Release|x86
		{EA2A8F3D-99E8-4BCA-B482-1D571DA92B5D}.Release|x86.Build.0 = Release|x86
		{1B356C34-6613-40BA-8476-29A93BFF64B6}.Debug|Any CPU.ActiveCfg = Debug|x86
		{1B356C34-6613-40BA-8476-29A93BFF64B6}.Debug|Mixed Platforms.ActiveCfg = Debug|x86
		{1B356C34-6613-40BA-8476-29A93BFF64B6}.Debug|Mixed Platforms.Build.0 = Debug|x86
		{1B356C34-6613-40BA-8476-29A93BFF64B6}.Debug|x86.ActiveCfg = Debug|x86
		{1B356C34-6613-40BA-8476-29A93BFF64B6}.Debug|x86.Build.0 = Debug|x86
		{1B356C34-6613-40BA-8476-29A93BFF64B6}.Release Final|Any CPU.ActiveCfg = Release|x86
		{1B356C34-6613-40BA-8476-29A93BFF64B6}.Release Final|Mixed Platforms.ActiveCfg = Release|x86
		{1B356C34-6613-40BA-8476-29A93BFF64B6}.Release Final|Mixed Platforms.Build.0 = Release|x86
		{1B356C34-6613-40BA-8476-29A93BFF64B6}.Release Final|x86.ActiveCfg = Release|x86
		{1B356C34-6613-40BA-8476-29A93BFF64B6}.Release Final|x86.Build.0 = Release|x86
		{1B356C34-6613-40BA-8476-29A93BFF64B6}.Release|Any CPU.ActiveCfg = Release|x86
		{1B356C34-6613-40BA-8476-29A93BFF64B6}.Release|Mixed Platforms.ActiveCfg = Release|x86
		{1B356C34-6613-40BA-8476-29A93BFF64B6}.Release|Mixed Platforms.Build.0 = Release|x86
		{1B356C34-6613-40BA-8476-29A93BFF64B6}.Release|x86.ActiveCfg = Release|x86
		{1B356C34-6613-40BA-8476-29A93BFF64B6}.Release|x86.Build.0 = Release|x86
		{D79DD5E6-3E22-4F3D-A3FB-6766B6BD6ED3}.Debug|Any CPU.ActiveCfg = Debug|Any CPU
		{D79DD5E6-3E22-4F3D-A3FB-6766B6BD6ED3}.Debug|Any CPU.Build.0 = Debug|Any CPU
		{D79DD5E6-3E22-4F3D-A3FB-6766B6BD6ED3}.Debug|Mixed Platforms.ActiveCfg = Debug|Any CPU
		{D79DD5E6-3E22-4F3D-A3FB-6766B6BD6ED3}.Debug|Mixed Platforms.Build.0 = Debug|Any CPU
		{D79DD5E6-3E22-4F3D-A3FB-6766B6BD6ED3}.Debug|x86.ActiveCfg = Debug|Any CPU
		{D79DD5E6-3E22-4F3D-A3FB-6766B6BD6ED3}.Release Final|Any CPU.ActiveCfg = Release|Any CPU
		{D79DD5E6-3E22-4F3D-A3FB-6766B6BD6ED3}.Release Final|Any CPU.Build.0 = Release|Any CPU
		{D79DD5E6-3E22-4F3D-A3FB-6766B6BD6ED3}.Release Final|Mixed Platforms.ActiveCfg = Release|Any CPU
		{D79DD5E6-3E22-4F3D-A3FB-6766B6BD6ED3}.Release Final|Mixed Platforms.Build.0 = Release|Any CPU
		{D79DD5E6-3E22-4F3D-A3FB-6766B6BD6ED3}.Release Final|x86.ActiveCfg = Release|Any CPU
		{D79DD5E6-3E22-4F3D-A3FB-6766B6BD6ED3}.Release|Any CPU.ActiveCfg = Release|Any CPU
		{D79DD5E6-3E22-4F3D-A3FB-6766B6BD6ED3}.Release|Any CPU.Build.0 = Release|Any CPU
		{D79DD5E6-3E22-4F3D-A3FB-6766B6BD6ED3}.Release|Mixed Platforms.ActiveCfg = Release|Any CPU
		{D79DD5E6-3E22-4F3D-A3FB-6766B6BD6ED3}.Release|Mixed Platforms.Build.0 = Release|Any CPU
		{D79DD5E6-3E22-4F3D-A3FB-6766B6BD6ED3}.Release|x86.ActiveCfg = Release|Any CPU
		{A638F06A-94F3-4EE1-8D8C-E2434CEFF1E9}.Debug|Any CPU.ActiveCfg = Debug|x86
		{A638F06A-94F3-4EE1-8D8C-E2434CEFF1E9}.Debug|Mixed Platforms.ActiveCfg = Debug|x86
		{A638F06A-94F3-4EE1-8D8C-E2434CEFF1E9}.Debug|x86.ActiveCfg = Debug|x86
		{A638F06A-94F3-4EE1-8D8C-E2434CEFF1E9}.Release Final|Any CPU.ActiveCfg = Release Final|x86
		{A638F06A-94F3-4EE1-8D8C-E2434CEFF1E9}.Release Final|Mixed Platforms.ActiveCfg = Release Final|x86
		{A638F06A-94F3-4EE1-8D8C-E2434CEFF1E9}.Release Final|x86.ActiveCfg = Release Final|x86
		{A638F06A-94F3-4EE1-8D8C-E2434CEFF1E9}.Release|Any CPU.ActiveCfg = Release|x86
		{A638F06A-94F3-4EE1-8D8C-E2434CEFF1E9}.Release|Mixed Platforms.ActiveCfg = Release|x86
		{A638F06A-94F3-4EE1-8D8C-E2434CEFF1E9}.Release|x86.ActiveCfg = Release|x86
		{CA39FF7F-CBF9-4894-B17D-CDAC664D8E7E}.Debug|Any CPU.ActiveCfg = Debug|x86
		{CA39FF7F-CBF9-4894-B17D-CDAC664D8E7E}.Debug|Mixed Platforms.ActiveCfg = Debug|x86
		{CA39FF7F-CBF9-4894-B17D-CDAC664D8E7E}.Debug|x86.ActiveCfg = Debug|x86
		{CA39FF7F-CBF9-4894-B17D-CDAC664D8E7E}.Release Final|Any CPU.ActiveCfg = Release Final|x86
		{CA39FF7F-CBF9-4894-B17D-CDAC664D8E7E}.Release Final|Mixed Platforms.ActiveCfg = Release Final|x86
		{CA39FF7F-CBF9-4894-B17D-CDAC664D8E7E}.Release Final|x86.ActiveCfg = Release Final|x86
		{CA39FF7F-CBF9-4894-B17D-CDAC664D8E7E}.Release|Any CPU.ActiveCfg = Release|x86
		{CA39FF7F-CBF9-4894-B17D-CDAC664D8E7E}.Release|Mixed Platforms.ActiveCfg = Release|x86
		{CA39FF7F-CBF9-4894-B17D-CDAC664D8E7E}.Release|x86.ActiveCfg = Release|x86
		{49CB52B7-0DE8-487F-969B-0AA104D011E4}.Debug|Any CPU.ActiveCfg = Debug|x86
		{49CB52B7-0DE8-487F-969B-0AA104D011E4}.Debug|Mixed Platforms.ActiveCfg = Debug|x86
		{49CB52B7-0DE8-487F-969B-0AA104D011E4}.Debug|x86.ActiveCfg = Debug|x86
		{49CB52B7-0DE8-487F-969B-0AA104D011E4}.Release Final|Any CPU.ActiveCfg = Release Final|x86
		{49CB52B7-0DE8-487F-969B-0AA104D011E4}.Release Final|Mixed Platforms.ActiveCfg = Release Final|x86
		{49CB52B7-0DE8-487F-969B-0AA104D011E4}.Release Final|x86.ActiveCfg = Release Final|x86
		{49CB52B7-0DE8-487F-969B-0AA104D011E4}.Release|Any CPU.ActiveCfg = Release|x86
		{49CB52B7-0DE8-487F-969B-0AA104D011E4}.Release|Mixed Platforms.ActiveCfg = Release|x86
		{49CB52B7-0DE8-487F-969B-0AA104D011E4}.Release|x86.ActiveCfg = Release|x86
		{04100F3A-0375-40CF-BBB2-A5B5C783717D}.Debug|Any CPU.ActiveCfg = Debug|x86
		{04100F3A-0375-40CF-BBB2-A5B5C783717D}.Debug|Mixed Platforms.ActiveCfg = Debug|x86
		{04100F3A-0375-40CF-BBB2-A5B5C783717D}.Debug|x86.ActiveCfg = Debug|x86
		{04100F3A-0375-40CF-BBB2-A5B5C783717D}.Release Final|Any CPU.ActiveCfg = Release Final|x86
		{04100F3A-0375-40CF-BBB2-A5B5C783717D}.Release Final|Mixed Platforms.ActiveCfg = Release Final|x86
		{04100F3A-0375-40CF-BBB2-A5B5C783717D}.Release Final|x86.ActiveCfg = Release Final|x86
		{04100F3A-0375-40CF-BBB2-A5B5C783717D}.Release|Any CPU.ActiveCfg = Release|x86
		{04100F3A-0375-40CF-BBB2-A5B5C783717D}.Release|Mixed Platforms.ActiveCfg = Release|x86
		{04100F3A-0375-40CF-BBB2-A5B5C783717D}.Release|x86.ActiveCfg = Release|x86
	EndGlobalSection
	GlobalSection(SolutionProperties) = preSolution
		HideSolutionNode = FALSE
	EndGlobalSection
EndGlobal
